
Microsoft Visual Studio Solution File, Format Version 12.00
# Visual Studio Version 17
VisualStudioVersion = 17.5.002.0
MinimumVisualStudioVersion = 10.0.40219.1
Project("{FAE04EC0-301F-11D3-BF4B-00C04F79EFBC}") = "Aula_25.10.2024 Operadores Aritmético", "Aula_25.10.2024 Operadores Aritmético\Aula_2.csproj", "{5d71d654-454d-480b-a088-642e66c775e1}"
EndProject
Project("{FAE04EC0-301F-11D3-BF4B-00C04F79EFBC}") = "Aula_13.11.2024", "Aula_13.11.2024\Aula_13.11.2024.csproj", "{E38AA022-A246-478D-A352-053AFD9AFDD4}"
EndProject
Project("{FAE04EC0-301F-11D3-BF4B-00C04F79EFBC}") = "Aula_09.12.2024", "Aula_09.12.2024\Aula_09.12.2024.csproj", "{BC0F4942-BF9C-4CBD-A3A4-EF19E1D57E02}"
EndProject
Project("{2150E333-8FDC-42A3-9474-1A3956D46DE8}") = "POO", "POO", "{6ECFE742-EC9A-4138-A3BC-213DB429CB64}"
EndProject
Project("{FAE04EC0-301F-11D3-BF4B-00C04F79EFBC}") = "Aula_09.12.2024", "POO\Aula_09.12.2024\Aula_09.12.2024.csproj", "{C685653D-0892-4542-8859-A3FA9270CF0C}"
EndProject
Global
	GlobalSection(SolutionConfigurationPlatforms) = preSolution
		Debug|Any CPU = Debug|Any CPU
		Release|Any CPU = Release|Any CPU
	EndGlobalSection
	GlobalSection(ProjectConfigurationPlatforms) = postSolution
		{557FA1B3-67AB-4D70-8FE5-5A2A1DBDA34B}.Debug|Any CPU.ActiveCfg = Debug|Any CPU
		{557FA1B3-67AB-4D70-8FE5-5A2A1DBDA34B}.Debug|Any CPU.Build.0 = Debug|Any CPU
		{557FA1B3-67AB-4D70-8FE5-5A2A1DBDA34B}.Release|Any CPU.ActiveCfg = Release|Any CPU
		{557FA1B3-67AB-4D70-8FE5-5A2A1DBDA34B}.Release|Any CPU.Build.0 = Release|Any CPU
		{829043AE-E8A7-4A40-A9BB-034F06F243B9}.Debug|Any CPU.ActiveCfg = Debug|Any CPU
		{829043AE-E8A7-4A40-A9BB-034F06F243B9}.Debug|Any CPU.Build.0 = Debug|Any CPU
		{829043AE-E8A7-4A40-A9BB-034F06F243B9}.Release|Any CPU.ActiveCfg = Release|Any CPU
		{829043AE-E8A7-4A40-A9BB-034F06F243B9}.Release|Any CPU.Build.0 = Release|Any CPU
		{FF4A1A32-83AE-4628-B1A1-0F30FA2F9FEE}.Debug|Any CPU.ActiveCfg = Debug|Any CPU
		{FF4A1A32-83AE-4628-B1A1-0F30FA2F9FEE}.Debug|Any CPU.Build.0 = Debug|Any CPU
		{FF4A1A32-83AE-4628-B1A1-0F30FA2F9FEE}.Release|Any CPU.ActiveCfg = Release|Any CPU
		{FF4A1A32-83AE-4628-B1A1-0F30FA2F9FEE}.Release|Any CPU.Build.0 = Release|Any CPU
		{E38AA022-A246-478D-A352-053AFD9AFDD4}.Debug|Any CPU.ActiveCfg = Debug|Any CPU
		{E38AA022-A246-478D-A352-053AFD9AFDD4}.Debug|Any CPU.Build.0 = Debug|Any CPU
		{E38AA022-A246-478D-A352-053AFD9AFDD4}.Release|Any CPU.ActiveCfg = Release|Any CPU
		{E38AA022-A246-478D-A352-053AFD9AFDD4}.Release|Any CPU.Build.0 = Release|Any CPU
		{BC0F4942-BF9C-4CBD-A3A4-EF19E1D57E02}.Debug|Any CPU.ActiveCfg = Debug|Any CPU
		{BC0F4942-BF9C-4CBD-A3A4-EF19E1D57E02}.Debug|Any CPU.Build.0 = Debug|Any CPU
		{BC0F4942-BF9C-4CBD-A3A4-EF19E1D57E02}.Release|Any CPU.ActiveCfg = Release|Any CPU
		{BC0F4942-BF9C-4CBD-A3A4-EF19E1D57E02}.Release|Any CPU.Build.0 = Release|Any CPU
		{C685653D-0892-4542-8859-A3FA9270CF0C}.Debug|Any CPU.ActiveCfg = Debug|Any CPU
		{C685653D-0892-4542-8859-A3FA9270CF0C}.Debug|Any CPU.Build.0 = Debug|Any CPU
		{C685653D-0892-4542-8859-A3FA9270CF0C}.Release|Any CPU.ActiveCfg = Release|Any CPU
		{C685653D-0892-4542-8859-A3FA9270CF0C}.Release|Any CPU.Build.0 = Release|Any CPU
	EndGlobalSection
	GlobalSection(SolutionProperties) = preSolution
		HideSolutionNode = FALSE
	EndGlobalSection
	GlobalSection(ExtensibilityGlobals) = postSolution
		SolutionGuid = {335DFD36-2368-4EE7-AFED-073BA901FA67}
	EndGlobalSection
	GlobalSection(NestedProjects) = preSolution
		{C685653D-0892-4542-8859-A3FA9270CF0C} = {6ECFE742-EC9A-4138-A3BC-213DB429CB64}
	EndGlobalSection
EndGlobal
