
Microsoft Visual Studio Solution File, Format Version 12.00
# Visual Studio Version 17
VisualStudioVersion = 17.0.31903.59
MinimumVisualStudioVersion = 10.0.40219.1
Project("{2150E333-8FDC-42A3-9474-1A3956D46DE8}") = "POO", "POO", "{D2B5FD4E-ABB0-4D71-B7B9-2B147BE27CE0}"
EndProject
Project("{FAE04EC0-301F-11D3-BF4B-00C04F79EFBC}") = "Aula_04.12.2024", "POO\Aula_04.12.2024\Aula_04.12.2024.csproj", "{1FE90F56-200F-4698-81B0-D59010860509}"
EndProject
Project("{FAE04EC0-301F-11D3-BF4B-00C04F79EFBC}") = "Aula_06.12.2024", "POO\Aula_06.12.2024\Aula_06.12.2024.csproj", "{AB55EC8F-3C84-4186-A713-C1B02DEDDDF6}"
EndProject
Project("{FAE04EC0-301F-11D3-BF4B-00C04F79EFBC}") = "Aula_09.12.2024", "POO\Aula_09.12.2024\Aula_09.12.2024.csproj", "{33D551D6-7E59-4280-B2C8-9095239162C3}"
EndProject
Project("{FAE04EC0-301F-11D3-BF4B-00C04F79EFBC}") = "Aula_13_12_2024", "POO\Aula_13_12_2024\Aula_13_12_2024.csproj", "{80FE77BF-8C39-4BF2-B473-F4858E7E6378}"
EndProject
Project("{FAE04EC0-301F-11D3-BF4B-00C04F79EFBC}") = "Aula_16_12_2024", "POO\Aula_16_12_2024\Aula_16_12_2024.csproj", "{D82096EB-6F97-4AF2-A6ED-B6C40D0B10F0}"
EndProject
Project("{FAE04EC0-301F-11D3-BF4B-00C04F79EFBC}") = "Aula_18_12_2024", "POO\Aula_18_12_2024\Aula_18_12_2024.csproj", "{4C79B8E1-3678-4079-98BD-47C9DE06DC89}"
EndProject
Project("{FAE04EC0-301F-11D3-BF4B-00C04F79EFBC}") = "Aula_19_12_2024", "POO\Aula_19_12_2024\Aula_19_12_2024.csproj", "{1A877FD1-D660-4F85-B099-C6BC4C24AA30}"
EndProject
Project("{FAE04EC0-301F-11D3-BF4B-00C04F79EFBC}") = "Aula_20_12_2024", "POO\Aula_20_12_2024\Aula_20_12_2024.csproj", "{D2C52564-E459-45FA-964F-84E4BED3B802}"
EndProject
Project("{FAE04EC0-301F-11D3-BF4B-00C04F79EFBC}") = "Aula_02_01_2025", "POO\Aula_02_01_2025\Aula_02_01_2025.csproj", "{37BB1FDD-FFF8-4498-8C7B-47040C54D664}"
EndProject
Project("{FAE04EC0-301F-11D3-BF4B-00C04F79EFBC}") = "Aula_03_01_2024", "POO\Aula_03_01_2024\Aula_03_01_2024.csproj", "{6B6D58ED-763B-47F3-B1C2-2B9DAA32B74E}"
EndProject
Project("{FAE04EC0-301F-11D3-BF4B-00C04F79EFBC}") = "Aula_06_01_2025", "POO\Aula_06_01_2025\Aula_06_01_2025.csproj", "{FE7142D6-5E99-44F6-879C-A8FC1CE33B57}"
EndProject
Project("{FAE04EC0-301F-11D3-BF4B-00C04F79EFBC}") = "Aula_07_01_2025", "POO\Aula_07_01_2025\Aula_07_01_2025.csproj", "{D88CDB5D-DF8B-4986-9E9C-6ABAA288EBCE}"
EndProject
Project("{FAE04EC0-301F-11D3-BF4B-00C04F79EFBC}") = "Aula_08_01_2025", "POO\Aula_08_01_2025\Aula_08_01_2025.csproj", "{11FA793A-4C1B-4309-849B-67B3023D2EB7}"
EndProject
Project("{FAE04EC0-301F-11D3-BF4B-00C04F79EFBC}") = "Aula_09_01_2025", "POO\Aula_09_01_2025\Aula_09_01_2025.csproj", "{BB44BCBC-22E6-4C07-877D-C6D3E7DD2418}"
EndProject
Project("{FAE04EC0-301F-11D3-BF4B-00C04F79EFBC}") = "Aula_10_01_2025", "POO\Aula_10_01_2025\Aula_10_01_2025.csproj", "{5DC7DECE-F105-47A7-9497-4C956BB6B827}"
EndProject
Project("{FAE04EC0-301F-11D3-BF4B-00C04F79EFBC}") = "Aula_13_01_2025", "POO\Aula_13_01_2025\Aula_13_01_2025.csproj", "{C11CDBF0-386F-4B36-B62B-77223316DA69}"
EndProject
Project("{FAE04EC0-301F-11D3-BF4B-00C04F79EFBC}") = "Aula_15_01_2025", "POO\Aula_15_01_2025\Aula_15_01_2025.csproj", "{A4FC967B-2642-4660-BA58-6AA4300C98DB}"
EndProject
Project("{FAE04EC0-301F-11D3-BF4B-00C04F79EFBC}") = "Aula_17_01_2025", "POO\Aula_17_01_2025\Aula_17_01_2025.csproj", "{BE2247F1-AA88-4F69-995C-792224A689A0}"
EndProject
Global
	GlobalSection(SolutionConfigurationPlatforms) = preSolution
		Debug|Any CPU = Debug|Any CPU
		Release|Any CPU = Release|Any CPU
	EndGlobalSection
	GlobalSection(SolutionProperties) = preSolution
		HideSolutionNode = FALSE
	EndGlobalSection
	GlobalSection(ProjectConfigurationPlatforms) = postSolution
		{1FE90F56-200F-4698-81B0-D59010860509}.Debug|Any CPU.ActiveCfg = Debug|Any CPU
		{1FE90F56-200F-4698-81B0-D59010860509}.Debug|Any CPU.Build.0 = Debug|Any CPU
		{1FE90F56-200F-4698-81B0-D59010860509}.Release|Any CPU.ActiveCfg = Release|Any CPU
		{1FE90F56-200F-4698-81B0-D59010860509}.Release|Any CPU.Build.0 = Release|Any CPU
		{AB55EC8F-3C84-4186-A713-C1B02DEDDDF6}.Debug|Any CPU.ActiveCfg = Debug|Any CPU
		{AB55EC8F-3C84-4186-A713-C1B02DEDDDF6}.Debug|Any CPU.Build.0 = Debug|Any CPU
		{AB55EC8F-3C84-4186-A713-C1B02DEDDDF6}.Release|Any CPU.ActiveCfg = Release|Any CPU
		{AB55EC8F-3C84-4186-A713-C1B02DEDDDF6}.Release|Any CPU.Build.0 = Release|Any CPU
		{33D551D6-7E59-4280-B2C8-9095239162C3}.Debug|Any CPU.ActiveCfg = Debug|Any CPU
		{33D551D6-7E59-4280-B2C8-9095239162C3}.Debug|Any CPU.Build.0 = Debug|Any CPU
		{33D551D6-7E59-4280-B2C8-9095239162C3}.Release|Any CPU.ActiveCfg = Release|Any CPU
		{33D551D6-7E59-4280-B2C8-9095239162C3}.Release|Any CPU.Build.0 = Release|Any CPU
		{80FE77BF-8C39-4BF2-B473-F4858E7E6378}.Debug|Any CPU.ActiveCfg = Debug|Any CPU
		{80FE77BF-8C39-4BF2-B473-F4858E7E6378}.Debug|Any CPU.Build.0 = Debug|Any CPU
		{80FE77BF-8C39-4BF2-B473-F4858E7E6378}.Release|Any CPU.ActiveCfg = Release|Any CPU
		{80FE77BF-8C39-4BF2-B473-F4858E7E6378}.Release|Any CPU.Build.0 = Release|Any CPU
		{48DAC996-2C9D-4101-8AE1-118358C646A0}.Debug|Any CPU.ActiveCfg = Debug|Any CPU
		{48DAC996-2C9D-4101-8AE1-118358C646A0}.Debug|Any CPU.Build.0 = Debug|Any CPU
		{48DAC996-2C9D-4101-8AE1-118358C646A0}.Release|Any CPU.ActiveCfg = Release|Any CPU
		{48DAC996-2C9D-4101-8AE1-118358C646A0}.Release|Any CPU.Build.0 = Release|Any CPU
		{D82096EB-6F97-4AF2-A6ED-B6C40D0B10F0}.Debug|Any CPU.ActiveCfg = Debug|Any CPU
		{D82096EB-6F97-4AF2-A6ED-B6C40D0B10F0}.Debug|Any CPU.Build.0 = Debug|Any CPU
		{D82096EB-6F97-4AF2-A6ED-B6C40D0B10F0}.Release|Any CPU.ActiveCfg = Release|Any CPU
		{D82096EB-6F97-4AF2-A6ED-B6C40D0B10F0}.Release|Any CPU.Build.0 = Release|Any CPU
		{4C79B8E1-3678-4079-98BD-47C9DE06DC89}.Debug|Any CPU.ActiveCfg = Debug|Any CPU
		{4C79B8E1-3678-4079-98BD-47C9DE06DC89}.Debug|Any CPU.Build.0 = Debug|Any CPU
		{4C79B8E1-3678-4079-98BD-47C9DE06DC89}.Release|Any CPU.ActiveCfg = Release|Any CPU
		{4C79B8E1-3678-4079-98BD-47C9DE06DC89}.Release|Any CPU.Build.0 = Release|Any CPU
		{1A877FD1-D660-4F85-B099-C6BC4C24AA30}.Debug|Any CPU.ActiveCfg = Debug|Any CPU
		{1A877FD1-D660-4F85-B099-C6BC4C24AA30}.Debug|Any CPU.Build.0 = Debug|Any CPU
		{1A877FD1-D660-4F85-B099-C6BC4C24AA30}.Release|Any CPU.ActiveCfg = Release|Any CPU
		{1A877FD1-D660-4F85-B099-C6BC4C24AA30}.Release|Any CPU.Build.0 = Release|Any CPU
		{D2C52564-E459-45FA-964F-84E4BED3B802}.Debug|Any CPU.ActiveCfg = Debug|Any CPU
		{D2C52564-E459-45FA-964F-84E4BED3B802}.Debug|Any CPU.Build.0 = Debug|Any CPU
		{D2C52564-E459-45FA-964F-84E4BED3B802}.Release|Any CPU.ActiveCfg = Release|Any CPU
		{D2C52564-E459-45FA-964F-84E4BED3B802}.Release|Any CPU.Build.0 = Release|Any CPU
		{37BB1FDD-FFF8-4498-8C7B-47040C54D664}.Debug|Any CPU.ActiveCfg = Debug|Any CPU
		{37BB1FDD-FFF8-4498-8C7B-47040C54D664}.Debug|Any CPU.Build.0 = Debug|Any CPU
		{37BB1FDD-FFF8-4498-8C7B-47040C54D664}.Release|Any CPU.ActiveCfg = Release|Any CPU
		{37BB1FDD-FFF8-4498-8C7B-47040C54D664}.Release|Any CPU.Build.0 = Release|Any CPU
		{6B6D58ED-763B-47F3-B1C2-2B9DAA32B74E}.Debug|Any CPU.ActiveCfg = Debug|Any CPU
		{6B6D58ED-763B-47F3-B1C2-2B9DAA32B74E}.Debug|Any CPU.Build.0 = Debug|Any CPU
		{6B6D58ED-763B-47F3-B1C2-2B9DAA32B74E}.Release|Any CPU.ActiveCfg = Release|Any CPU
		{6B6D58ED-763B-47F3-B1C2-2B9DAA32B74E}.Release|Any CPU.Build.0 = Release|Any CPU
		{FE7142D6-5E99-44F6-879C-A8FC1CE33B57}.Debug|Any CPU.ActiveCfg = Debug|Any CPU
		{FE7142D6-5E99-44F6-879C-A8FC1CE33B57}.Debug|Any CPU.Build.0 = Debug|Any CPU
		{FE7142D6-5E99-44F6-879C-A8FC1CE33B57}.Release|Any CPU.ActiveCfg = Release|Any CPU
		{FE7142D6-5E99-44F6-879C-A8FC1CE33B57}.Release|Any CPU.Build.0 = Release|Any CPU
		{D88CDB5D-DF8B-4986-9E9C-6ABAA288EBCE}.Debug|Any CPU.ActiveCfg = Debug|Any CPU
		{D88CDB5D-DF8B-4986-9E9C-6ABAA288EBCE}.Debug|Any CPU.Build.0 = Debug|Any CPU
		{D88CDB5D-DF8B-4986-9E9C-6ABAA288EBCE}.Release|Any CPU.ActiveCfg = Release|Any CPU
		{D88CDB5D-DF8B-4986-9E9C-6ABAA288EBCE}.Release|Any CPU.Build.0 = Release|Any CPU
		{11FA793A-4C1B-4309-849B-67B3023D2EB7}.Debug|Any CPU.ActiveCfg = Debug|Any CPU
		{11FA793A-4C1B-4309-849B-67B3023D2EB7}.Debug|Any CPU.Build.0 = Debug|Any CPU
		{11FA793A-4C1B-4309-849B-67B3023D2EB7}.Release|Any CPU.ActiveCfg = Release|Any CPU
		{11FA793A-4C1B-4309-849B-67B3023D2EB7}.Release|Any CPU.Build.0 = Release|Any CPU
		{BB44BCBC-22E6-4C07-877D-C6D3E7DD2418}.Debug|Any CPU.ActiveCfg = Debug|Any CPU
		{BB44BCBC-22E6-4C07-877D-C6D3E7DD2418}.Debug|Any CPU.Build.0 = Debug|Any CPU
		{BB44BCBC-22E6-4C07-877D-C6D3E7DD2418}.Release|Any CPU.ActiveCfg = Release|Any CPU
		{BB44BCBC-22E6-4C07-877D-C6D3E7DD2418}.Release|Any CPU.Build.0 = Release|Any CPU
		{5DC7DECE-F105-47A7-9497-4C956BB6B827}.Debug|Any CPU.ActiveCfg = Debug|Any CPU
		{5DC7DECE-F105-47A7-9497-4C956BB6B827}.Debug|Any CPU.Build.0 = Debug|Any CPU
		{5DC7DECE-F105-47A7-9497-4C956BB6B827}.Release|Any CPU.ActiveCfg = Release|Any CPU
		{5DC7DECE-F105-47A7-9497-4C956BB6B827}.Release|Any CPU.Build.0 = Release|Any CPU
		{C11CDBF0-386F-4B36-B62B-77223316DA69}.Debug|Any CPU.ActiveCfg = Debug|Any CPU
		{C11CDBF0-386F-4B36-B62B-77223316DA69}.Debug|Any CPU.Build.0 = Debug|Any CPU
		{C11CDBF0-386F-4B36-B62B-77223316DA69}.Release|Any CPU.ActiveCfg = Release|Any CPU
		{C11CDBF0-386F-4B36-B62B-77223316DA69}.Release|Any CPU.Build.0 = Release|Any CPU
		{A4FC967B-2642-4660-BA58-6AA4300C98DB}.Debug|Any CPU.ActiveCfg = Debug|Any CPU
		{A4FC967B-2642-4660-BA58-6AA4300C98DB}.Debug|Any CPU.Build.0 = Debug|Any CPU
		{A4FC967B-2642-4660-BA58-6AA4300C98DB}.Release|Any CPU.ActiveCfg = Release|Any CPU
		{A4FC967B-2642-4660-BA58-6AA4300C98DB}.Release|Any CPU.Build.0 = Release|Any CPU
		{BE2247F1-AA88-4F69-995C-792224A689A0}.Debug|Any CPU.ActiveCfg = Debug|Any CPU
		{BE2247F1-AA88-4F69-995C-792224A689A0}.Debug|Any CPU.Build.0 = Debug|Any CPU
		{BE2247F1-AA88-4F69-995C-792224A689A0}.Release|Any CPU.ActiveCfg = Release|Any CPU
		{BE2247F1-AA88-4F69-995C-792224A689A0}.Release|Any CPU.Build.0 = Release|Any CPU
	EndGlobalSection
	GlobalSection(NestedProjects) = preSolution
		{1FE90F56-200F-4698-81B0-D59010860509} = {D2B5FD4E-ABB0-4D71-B7B9-2B147BE27CE0}
		{AB55EC8F-3C84-4186-A713-C1B02DEDDDF6} = {D2B5FD4E-ABB0-4D71-B7B9-2B147BE27CE0}
		{33D551D6-7E59-4280-B2C8-9095239162C3} = {D2B5FD4E-ABB0-4D71-B7B9-2B147BE27CE0}
		{80FE77BF-8C39-4BF2-B473-F4858E7E6378} = {D2B5FD4E-ABB0-4D71-B7B9-2B147BE27CE0}
		{D82096EB-6F97-4AF2-A6ED-B6C40D0B10F0} = {D2B5FD4E-ABB0-4D71-B7B9-2B147BE27CE0}
		{4C79B8E1-3678-4079-98BD-47C9DE06DC89} = {D2B5FD4E-ABB0-4D71-B7B9-2B147BE27CE0}
		{1A877FD1-D660-4F85-B099-C6BC4C24AA30} = {D2B5FD4E-ABB0-4D71-B7B9-2B147BE27CE0}
		{D2C52564-E459-45FA-964F-84E4BED3B802} = {D2B5FD4E-ABB0-4D71-B7B9-2B147BE27CE0}
		{37BB1FDD-FFF8-4498-8C7B-47040C54D664} = {D2B5FD4E-ABB0-4D71-B7B9-2B147BE27CE0}
		{6B6D58ED-763B-47F3-B1C2-2B9DAA32B74E} = {D2B5FD4E-ABB0-4D71-B7B9-2B147BE27CE0}
		{FE7142D6-5E99-44F6-879C-A8FC1CE33B57} = {D2B5FD4E-ABB0-4D71-B7B9-2B147BE27CE0}
		{D88CDB5D-DF8B-4986-9E9C-6ABAA288EBCE} = {D2B5FD4E-ABB0-4D71-B7B9-2B147BE27CE0}
		{11FA793A-4C1B-4309-849B-67B3023D2EB7} = {D2B5FD4E-ABB0-4D71-B7B9-2B147BE27CE0}
		{BB44BCBC-22E6-4C07-877D-C6D3E7DD2418} = {D2B5FD4E-ABB0-4D71-B7B9-2B147BE27CE0}
		{5DC7DECE-F105-47A7-9497-4C956BB6B827} = {D2B5FD4E-ABB0-4D71-B7B9-2B147BE27CE0}
		{C11CDBF0-386F-4B36-B62B-77223316DA69} = {D2B5FD4E-ABB0-4D71-B7B9-2B147BE27CE0}
		{A4FC967B-2642-4660-BA58-6AA4300C98DB} = {D2B5FD4E-ABB0-4D71-B7B9-2B147BE27CE0}
		{BE2247F1-AA88-4F69-995C-792224A689A0} = {D2B5FD4E-ABB0-4D71-B7B9-2B147BE27CE0}
	EndGlobalSection
EndGlobal
